<?xml version="1.0" encoding="UTF-8"?>
<!DOCTYPE plist PUBLIC "-//Apple//DTD PLIST 1.0//EN" "http://www.apple.com/DTDs/PropertyList-1.0.dtd">
<plist version="1.0">
<dict>
	<key>archiveVersion</key>
	<string>1</string>
	<key>classes</key>
	<dict/>
	<key>objectVersion</key>
	<string>60</string>
	<key>objects</key>
	<dict>
		<key>2F98410599F8C4AF82470FE5</key>
		<dict>
			<key>isa</key>
			<string>PBXFileReference</string>
			<key>lastKnownFileType</key>
			<string>sourcecode.swift</string>
			<key>path</key>
			<string>SSBPPinableEDetector.swift</string>
			<key>sourceTree</key>
			<string>&lt;group&gt;</string>
		</dict>
		<key>471E792C253E9ECC00049AC3</key>
		<dict>
			<key>buildConfigurationList</key>
			<string>471E7948253E9ECC00049AC3</string>
			<key>buildPhases</key>
			<array>
				<string>FC573A12609E67A4D1ED2F84</string>
				<string>471E7932253E9ECC00049AC3</string>
				<string>471E793A253E9ECC00049AC3</string>
				<string>471E793D253E9ECC00049AC3</string>
				<string>471E7944253E9ECC00049AC3</string>
				<string>812D564CF70F14CB36D820F0</string>
			</array>
			<key>buildRules</key>
			<array/>
			<key>dependencies</key>
			<array>
				<string>B519D9B725F5CEA5009E5A85</string>
				<string>B519D9D825F5CFAB009E5A85</string>
			</array>
			<key>isa</key>
			<string>PBXNativeTarget</string>
			<key>name</key>
			<string>MinistopSample</string>
			<key>productName</key>
			<string>MinistopSdkSample</string>
			<key>productReference</key>
			<string>471E794B253E9ECC00049AC3</string>
			<key>productType</key>
			<string>com.apple.product-type.application</string>
		</dict>
		<key>471E7932253E9ECC00049AC3</key>
		<dict>
			<key>buildActionMask</key>
			<string>2147483647</string>
			<key>files</key>
			<array>
				<string>471E7933253E9ECC00049AC3</string>
				<string>471E7935253E9ECC00049AC3</string>
				<string>E9FDCCB10997E98B7E68DA8D</string>
			</array>
			<key>isa</key>
			<string>PBXSourcesBuildPhase</string>
			<key>runOnlyForDeploymentPostprocessing</key>
			<string>0</string>
		</dict>
		<key>471E7933253E9ECC00049AC3</key>
		<dict>
			<key>fileRef</key>
			<string>8558968B24CABB1A00D2CB7B</string>
			<key>isa</key>
			<string>PBXBuildFile</string>
		</dict>
		<key>471E7935253E9ECC00049AC3</key>
		<dict>
			<key>fileRef</key>
			<string>8558967624CAB69E00D2CB7B</string>
			<key>isa</key>
			<string>PBXBuildFile</string>
		</dict>
		<key>471E793A253E9ECC00049AC3</key>
		<dict>
			<key>buildActionMask</key>
			<string>2147483647</string>
			<key>files</key>
			<array>
				<string>84C10A2E2D193FB40077EF87</string>
				<string>47F58898B11102F4F677FAF1</string>
			</array>
			<key>isa</key>
			<string>PBXFrameworksBuildPhase</string>
			<key>runOnlyForDeploymentPostprocessing</key>
			<string>0</string>
		</dict>
		<key>471E793D253E9ECC00049AC3</key>
		<dict>
			<key>buildActionMask</key>
			<string>2147483647</string>
			<key>files</key>
			<array>
				<string>471E796A253EBB9700049AC3</string>
				<string>471E793F253E9ECC00049AC3</string>
				<string>471E7941253E9ECC00049AC3</string>
			</array>
			<key>isa</key>
			<string>PBXResourcesBuildPhase</string>
			<key>runOnlyForDeploymentPostprocessing</key>
			<string>0</string>
		</dict>
		<key>471E793F253E9ECC00049AC3</key>
		<dict>
			<key>fileRef</key>
			<string>8558968124CAB6A200D2CB7B</string>
			<key>isa</key>
			<string>PBXBuildFile</string>
		</dict>
		<key>471E7941253E9ECC00049AC3</key>
		<dict>
			<key>fileRef</key>
			<string>8558967F24CAB6A200D2CB7B</string>
			<key>isa</key>
			<string>PBXBuildFile</string>
		</dict>
		<key>471E7944253E9ECC00049AC3</key>
		<dict>
			<key>buildActionMask</key>
			<string>2147483647</string>
			<key>dstPath</key>
			<string></string>
			<key>dstSubfolderSpec</key>
			<string>13</string>
			<key>files</key>
			<array>
				<string>B519D9B825F5CEA5009E5A85</string>
				<string>B519D9D925F5CFAB009E5A85</string>
			</array>
			<key>isa</key>
			<string>PBXCopyFilesBuildPhase</string>
			<key>name</key>
			<string>Embed App Extensions</string>
			<key>runOnlyForDeploymentPostprocessing</key>
			<string>0</string>
		</dict>
		<key>471E7948253E9ECC00049AC3</key>
		<dict>
			<key>buildConfigurations</key>
			<array>
				<string>471E7949253E9ECC00049AC3</string>
				<string>471E794A253E9ECC00049AC3</string>
			</array>
			<key>defaultConfigurationIsVisible</key>
			<string>0</string>
			<key>defaultConfigurationName</key>
			<string>Release</string>
			<key>isa</key>
			<string>XCConfigurationList</string>
		</dict>
		<key>471E7949253E9ECC00049AC3</key>
		<dict>
			<key>baseConfigurationReference</key>
			<string>5D78DB2C54E92E17EB81252C</string>
			<key>buildSettings</key>
			<dict>
				<key>ASSETCATALOG_COMPILER_APPICON_NAME</key>
				<string>AppIconDemo</string>
				<key>CODE_SIGN_ENTITLEMENTS</key>
				<string>MinistopSample.entitlements</string>
				<key>CODE_SIGN_IDENTITY</key>
				<string>Apple Development</string>
				<key>CODE_SIGN_STYLE</key>
				<string>Automatic</string>
				<key>CURRENT_PROJECT_VERSION</key>
				<string>19</string>
				<key>DEVELOPMENT_TEAM</key>
				<string>9FW38TH6FA</string>
				<key>FRAMEWORK_SEARCH_PATHS</key>
				<array>
					<string>$(inherited)</string>
					<string>$(PROJECT_DIR)</string>
					<string>$(PROJECT_DIR)/MinistopSdkSample/Resources</string>
				</array>
				<key>INFOPLIST_FILE</key>
				<string>MinistopSample.plist</string>
				<key>IPHONEOS_DEPLOYMENT_TARGET</key>
				<string>16.6</string>
				<key>LD_RUNPATH_SEARCH_PATHS</key>
				<array>
					<string>$(inherited)</string>
					<string>@executable_path/Frameworks</string>
				</array>
				<key>MARKETING_VERSION</key>
				<string>3.0</string>
				<key>OTHER_LDFLAGS</key>
				<array>
					<string>$(inherited)</string>
					<string>-l"sqlite3"</string>
					<string>-framework</string>
					<string>"FMDB"</string>
					<string>-framework</string>
					<string>"YoutubePlayer_in_WKWebView"</string>
					<string>-ObjC</string>
				</array>
				<key>PRODUCT_BUNDLE_IDENTIFIER</key>
				<string>com.switch-smile.pinable-demo4CUST</string>
				<key>PRODUCT_NAME</key>
				<string>$(TARGET_NAME)</string>
				<key>PROVISIONING_PROFILE_SPECIFIER</key>
				<string></string>
				<key>SWIFT_VERSION</key>
				<string>5.0</string>
				<key>TARGETED_DEVICE_FAMILY</key>
				<string>1,2</string>
			</dict>
			<key>isa</key>
			<string>XCBuildConfiguration</string>
			<key>name</key>
			<string>Debug</string>
		</dict>
		<key>471E794A253E9ECC00049AC3</key>
		<dict>
			<key>baseConfigurationReference</key>
			<string>EF784657CF0A0FF8CA49B292</string>
			<key>buildSettings</key>
			<dict>
				<key>ASSETCATALOG_COMPILER_APPICON_NAME</key>
				<string>AppIconDemo</string>
				<key>CODE_SIGN_ENTITLEMENTS</key>
				<string>MinistopSample.entitlements</string>
				<key>CODE_SIGN_IDENTITY</key>
				<string>Apple Development</string>
				<key>CODE_SIGN_STYLE</key>
				<string>Automatic</string>
				<key>CURRENT_PROJECT_VERSION</key>
				<string>19</string>
				<key>DEVELOPMENT_TEAM</key>
				<string>9FW38TH6FA</string>
				<key>FRAMEWORK_SEARCH_PATHS</key>
				<array>
					<string>$(inherited)</string>
					<string>$(PROJECT_DIR)</string>
					<string>$(PROJECT_DIR)/MinistopSdkSample/Resources</string>
				</array>
				<key>INFOPLIST_FILE</key>
				<string>MinistopSample.plist</string>
				<key>IPHONEOS_DEPLOYMENT_TARGET</key>
				<string>16.6</string>
				<key>LD_RUNPATH_SEARCH_PATHS</key>
				<array>
					<string>$(inherited)</string>
					<string>@executable_path/Frameworks</string>
				</array>
				<key>MARKETING_VERSION</key>
				<string>3.0</string>
				<key>OTHER_LDFLAGS</key>
				<array>
					<string>$(inherited)</string>
					<string>-l"sqlite3"</string>
					<string>-framework</string>
					<string>"FMDB"</string>
					<string>-framework</string>
					<string>"YoutubePlayer_in_WKWebView"</string>
					<string>-ObjC</string>
				</array>
				<key>PRODUCT_BUNDLE_IDENTIFIER</key>
				<string>com.switch-smile.pinable-demo4CUST</string>
				<key>PRODUCT_NAME</key>
				<string>$(TARGET_NAME)</string>
				<key>PROVISIONING_PROFILE_SPECIFIER</key>
				<string></string>
				<key>SWIFT_VERSION</key>
				<string>5.0</string>
				<key>TARGETED_DEVICE_FAMILY</key>
				<string>1,2</string>
			</dict>
			<key>isa</key>
			<string>XCBuildConfiguration</string>
			<key>name</key>
			<string>Release</string>
		</dict>
		<key>471E794B253E9ECC00049AC3</key>
		<dict>
			<key>explicitFileType</key>
			<string>wrapper.application</string>
			<key>includeInIndex</key>
			<string>0</string>
			<key>isa</key>
			<string>PBXFileReference</string>
			<key>path</key>
			<string>MinistopSample.app</string>
			<key>sourceTree</key>
			<string>BUILT_PRODUCTS_DIR</string>
		</dict>
		<key>471E7968253EBB9700049AC3</key>
		<dict>
			<key>fileEncoding</key>
			<string>4</string>
			<key>isa</key>
			<string>PBXFileReference</string>
			<key>lastKnownFileType</key>
			<string>text</string>
			<key>path</key>
			<string>app_info.csv</string>
			<key>sourceTree</key>
			<string>&lt;group&gt;</string>
		</dict>
		<key>471E796A253EBB9700049AC3</key>
		<dict>
			<key>fileRef</key>
			<string>471E7968253EBB9700049AC3</string>
			<key>isa</key>
			<string>PBXBuildFile</string>
		</dict>
		<key>47F58898B11102F4F677FAF1</key>
		<dict>
			<key>fileRef</key>
			<string>8E17F7399BC91A63E0876306</string>
			<key>isa</key>
			<string>PBXBuildFile</string>
		</dict>
		<key>501739952D19059300EE882E</key>
		<dict>
			<key>isa</key>
			<string>PBXFileReference</string>
			<key>lastKnownFileType</key>
			<string>wrapper.framework</string>
			<key>path</key>
			<string>SSBPLite.framework</string>
			<key>sourceTree</key>
			<string>&lt;group&gt;</string>
		</dict>
		<key>503CF471867CCA737630AC5F</key>
		<dict>
			<key>children</key>
			<array>
				<string>84C10A2D2D193FB40077EF87</string>
				<string>501739952D19059300EE882E</string>
				<string>855896A224CAC72000D2CB7B</string>
				<string>855896A424CAC72000D2CB7B</string>
				<string>8E17F7399BC91A63E0876306</string>
			</array>
			<key>isa</key>
			<string>PBXGroup</string>
			<key>name</key>
			<string>Frameworks</string>
			<key>sourceTree</key>
			<string>&lt;group&gt;</string>
		</dict>
		<key>5D78DB2C54E92E17EB81252C</key>
		<dict>
			<key>includeInIndex</key>
			<string>1</string>
			<key>isa</key>
			<string>PBXFileReference</string>
			<key>lastKnownFileType</key>
			<string>text.xcconfig</string>
			<key>name</key>
			<string>Pods-MinistopSample.debug.xcconfig</string>
			<key>path</key>
			<string>Target Support Files/Pods-MinistopSample/Pods-MinistopSample.debug.xcconfig</string>
			<key>sourceTree</key>
			<string>&lt;group&gt;</string>
		</dict>
		<key>812D564CF70F14CB36D820F0</key>
		<dict>
			<key>buildActionMask</key>
			<string>2147483647</string>
			<key>files</key>
			<array/>
			<key>inputFileListPaths</key>
			<array>
				<string>${PODS_ROOT}/Target Support Files/Pods-MinistopSample/Pods-MinistopSample-frameworks-${CONFIGURATION}-input-files.xcfilelist</string>
			</array>
			<key>isa</key>
			<string>PBXShellScriptBuildPhase</string>
			<key>name</key>
			<string>[CP] Embed Pods Frameworks</string>
			<key>outputFileListPaths</key>
			<array>
				<string>${PODS_ROOT}/Target Support Files/Pods-MinistopSample/Pods-MinistopSample-frameworks-${CONFIGURATION}-output-files.xcfilelist</string>
			</array>
			<key>runOnlyForDeploymentPostprocessing</key>
			<string>0</string>
			<key>shellPath</key>
			<string>/bin/sh</string>
			<key>shellScript</key>
			<string>"${PODS_ROOT}/Target Support Files/Pods-MinistopSample/Pods-MinistopSample-frameworks.sh"
</string>
			<key>showEnvVarsInLog</key>
			<string>0</string>
		</dict>
		<key>84C10A2D2D193FB40077EF87</key>
		<dict>
			<key>expectedSignature</key>
			<string>AppleDeveloperProgram:9FW38TH6FA:Switch Smile Co.,Ltd.</string>
			<key>isa</key>
			<string>PBXFileReference</string>
			<key>lastKnownFileType</key>
			<string>wrapper.xcframework</string>
			<key>path</key>
			<string>SSBPLite.xcframework</string>
			<key>sourceTree</key>
			<string>&lt;group&gt;</string>
		</dict>
		<key>84C10A2E2D193FB40077EF87</key>
		<dict>
			<key>fileRef</key>
			<string>84C10A2D2D193FB40077EF87</string>
			<key>isa</key>
			<string>PBXBuildFile</string>
		</dict>
		<key>84C10A2F2D193FB40077EF87</key>
		<dict>
			<key>fileRef</key>
			<string>84C10A2D2D193FB40077EF87</string>
			<key>isa</key>
			<string>PBXBuildFile</string>
		</dict>
		<key>84C10A302D193FB40077EF87</key>
		<dict>
			<key>fileRef</key>
			<string>84C10A2D2D193FB40077EF87</string>
			<key>isa</key>
			<string>PBXBuildFile</string>
		</dict>
		<key>8558966A24CAB69E00D2CB7B</key>
		<dict>
			<key>children</key>
			<array>
				<string>8558967524CAB69E00D2CB7B</string>
				<string>B519D9AE25F5CEA5009E5A85</string>
				<string>B519D9CF25F5CFAB009E5A85</string>
				<string>8558967424CAB69E00D2CB7B</string>
				<string>E41C78D48FF0295BEA2F0984</string>
				<string>503CF471867CCA737630AC5F</string>
			</array>
			<key>isa</key>
			<string>PBXGroup</string>
			<key>sourceTree</key>
			<string>&lt;group&gt;</string>
		</dict>
		<key>8558966B24CAB69E00D2CB7B</key>
		<dict>
			<key>attributes</key>
			<dict>
				<key>LastSwiftUpdateCheck</key>
				<string>1220</string>
				<key>LastUpgradeCheck</key>
				<string>1220</string>
				<key>ORGANIZATIONNAME</key>
				<string>Switch Smile Co., Ltd.</string>
				<key>TargetAttributes</key>
				<dict>
					<key>B519D9AA25F5CEA5009E5A85</key>
					<dict>
						<key>CreatedOnToolsVersion</key>
						<string>12.2</string>
					</dict>
					<key>B519D9CB25F5CFAB009E5A85</key>
					<dict>
						<key>CreatedOnToolsVersion</key>
						<string>12.2</string>
					</dict>
				</dict>
			</dict>
			<key>buildConfigurationList</key>
			<string>8558966E24CAB69E00D2CB7B</string>
			<key>compatibilityVersion</key>
			<string>Xcode 11.0</string>
			<key>developmentRegion</key>
			<string>en</string>
			<key>hasScannedForEncodings</key>
			<string>0</string>
			<key>isa</key>
			<string>PBXProject</string>
			<key>knownRegions</key>
			<array>
				<string>en</string>
				<string>Base</string>
			</array>
			<key>mainGroup</key>
			<string>8558966A24CAB69E00D2CB7B</string>
			<key>productRefGroup</key>
			<string>8558967424CAB69E00D2CB7B</string>
			<key>projectDirPath</key>
			<string></string>
			<key>projectRoot</key>
			<string></string>
			<key>targets</key>
			<array>
				<string>471E792C253E9ECC00049AC3</string>
				<string>B519D9AA25F5CEA5009E5A85</string>
				<string>B519D9CB25F5CFAB009E5A85</string>
			</array>
		</dict>
		<key>8558966E24CAB69E00D2CB7B</key>
		<dict>
			<key>buildConfigurations</key>
			<array>
				<string>8558968524CAB6A200D2CB7B</string>
				<string>8558968624CAB6A200D2CB7B</string>
			</array>
			<key>defaultConfigurationIsVisible</key>
			<string>0</string>
			<key>defaultConfigurationName</key>
			<string>Release</string>
			<key>isa</key>
			<string>XCConfigurationList</string>
		</dict>
		<key>8558967424CAB69E00D2CB7B</key>
		<dict>
			<key>children</key>
			<array>
				<string>471E794B253E9ECC00049AC3</string>
				<string>B519D9AB25F5CEA5009E5A85</string>
				<string>B519D9CC25F5CFAB009E5A85</string>
			</array>
			<key>isa</key>
			<string>PBXGroup</string>
			<key>name</key>
			<string>Products</string>
			<key>sourceTree</key>
			<string>&lt;group&gt;</string>
		</dict>
		<key>8558967524CAB69E00D2CB7B</key>
		<dict>
			<key>children</key>
			<array>
				<string>2F98410599F8C4AF82470FE5</string>
				<string>471E7968253EBB9700049AC3</string>
				<string>B5034EA625F22E5F004BA5F4</string>
				<string>B5BACD2625DF583A00109CC2</string>
				<string>8558968D24CABB2000D2CB7B</string>
				<string>8558968A24CAB6A900D2CB7B</string>
				<string>8558967624CAB69E00D2CB7B</string>
			</array>
			<key>isa</key>
			<string>PBXGroup</string>
			<key>path</key>
			<string>MinistopSdkSample</string>
			<key>sourceTree</key>
			<string>&lt;group&gt;</string>
		</dict>
		<key>8558967624CAB69E00D2CB7B</key>
		<dict>
			<key>isa</key>
			<string>PBXFileReference</string>
			<key>lastKnownFileType</key>
			<string>sourcecode.swift</string>
			<key>path</key>
			<string>AppDelegate.swift</string>
			<key>sourceTree</key>
			<string>&lt;group&gt;</string>
		</dict>
		<key>8558967F24CAB6A200D2CB7B</key>
		<dict>
			<key>isa</key>
			<string>PBXFileReference</string>
			<key>lastKnownFileType</key>
			<string>folder.assetcatalog</string>
			<key>path</key>
			<string>Assets.xcassets</string>
			<key>sourceTree</key>
			<string>&lt;group&gt;</string>
		</dict>
		<key>8558968124CAB6A200D2CB7B</key>
		<dict>
			<key>children</key>
			<array>
				<string>8558968224CAB6A200D2CB7B</string>
			</array>
			<key>isa</key>
			<string>PBXVariantGroup</string>
			<key>name</key>
			<string>LaunchScreen.storyboard</string>
			<key>sourceTree</key>
			<string>&lt;group&gt;</string>
		</dict>
		<key>8558968224CAB6A200D2CB7B</key>
		<dict>
			<key>isa</key>
			<string>PBXFileReference</string>
			<key>lastKnownFileType</key>
			<string>file.storyboard</string>
			<key>name</key>
			<string>Base</string>
			<key>path</key>
			<string>Base.lproj/LaunchScreen.storyboard</string>
			<key>sourceTree</key>
			<string>&lt;group&gt;</string>
		</dict>
		<key>8558968524CAB6A200D2CB7B</key>
		<dict>
			<key>buildSettings</key>
			<dict>
				<key>ALWAYS_SEARCH_USER_PATHS</key>
				<string>NO</string>
				<key>CLANG_ANALYZER_NONNULL</key>
				<string>YES</string>
				<key>CLANG_ANALYZER_NUMBER_OBJECT_CONVERSION</key>
				<string>YES_AGGRESSIVE</string>
				<key>CLANG_CXX_LANGUAGE_STANDARD</key>
				<string>gnu++14</string>
				<key>CLANG_CXX_LIBRARY</key>
				<string>libc++</string>
				<key>CLANG_ENABLE_MODULES</key>
				<string>YES</string>
				<key>CLANG_ENABLE_OBJC_ARC</key>
				<string>YES</string>
				<key>CLANG_ENABLE_OBJC_WEAK</key>
				<string>YES</string>
				<key>CLANG_WARN_BLOCK_CAPTURE_AUTORELEASING</key>
				<string>YES</string>
				<key>CLANG_WARN_BOOL_CONVERSION</key>
				<string>YES</string>
				<key>CLANG_WARN_COMMA</key>
				<string>YES</string>
				<key>CLANG_WARN_CONSTANT_CONVERSION</key>
				<string>YES</string>
				<key>CLANG_WARN_DEPRECATED_OBJC_IMPLEMENTATIONS</key>
				<string>YES</string>
				<key>CLANG_WARN_DIRECT_OBJC_ISA_USAGE</key>
				<string>YES_ERROR</string>
				<key>CLANG_WARN_DOCUMENTATION_COMMENTS</key>
				<string>YES</string>
				<key>CLANG_WARN_EMPTY_BODY</key>
				<string>YES</string>
				<key>CLANG_WARN_ENUM_CONVERSION</key>
				<string>YES</string>
				<key>CLANG_WARN_INFINITE_RECURSION</key>
				<string>YES</string>
				<key>CLANG_WARN_INT_CONVERSION</key>
				<string>YES</string>
				<key>CLANG_WARN_NON_LITERAL_NULL_CONVERSION</key>
				<string>YES</string>
				<key>CLANG_WARN_OBJC_IMPLICIT_RETAIN_SELF</key>
				<string>YES</string>
				<key>CLANG_WARN_OBJC_LITERAL_CONVERSION</key>
				<string>YES</string>
				<key>CLANG_WARN_OBJC_ROOT_CLASS</key>
				<string>YES_ERROR</string>
				<key>CLANG_WARN_RANGE_LOOP_ANALYSIS</key>
				<string>YES</string>
				<key>CLANG_WARN_STRICT_PROTOTYPES</key>
				<string>YES</string>
				<key>CLANG_WARN_SUSPICIOUS_MOVE</key>
				<string>YES</string>
				<key>CLANG_WARN_UNGUARDED_AVAILABILITY</key>
				<string>YES_AGGRESSIVE</string>
				<key>CLANG_WARN_UNREACHABLE_CODE</key>
				<string>YES</string>
				<key>CLANG_WARN__DUPLICATE_METHOD_MATCH</key>
				<string>YES</string>
				<key>COPY_PHASE_STRIP</key>
				<string>NO</string>
				<key>DEBUG_INFORMATION_FORMAT</key>
				<string>dwarf</string>
				<key>ENABLE_STRICT_OBJC_MSGSEND</key>
				<string>YES</string>
				<key>ENABLE_TESTABILITY</key>
				<string>YES</string>
				<key>GCC_C_LANGUAGE_STANDARD</key>
				<string>gnu11</string>
				<key>GCC_DYNAMIC_NO_PIC</key>
				<string>NO</string>
				<key>GCC_NO_COMMON_BLOCKS</key>
				<string>YES</string>
				<key>GCC_OPTIMIZATION_LEVEL</key>
				<string>0</string>
				<key>GCC_PREPROCESSOR_DEFINITIONS</key>
				<array>
					<string>DEBUG=1</string>
					<string>$(inherited)</string>
				</array>
				<key>GCC_WARN_64_TO_32_BIT_CONVERSION</key>
				<string>YES</string>
				<key>GCC_WARN_ABOUT_RETURN_TYPE</key>
				<string>YES_ERROR</string>
				<key>GCC_WARN_UNDECLARED_SELECTOR</key>
				<string>YES</string>
				<key>GCC_WARN_UNINITIALIZED_AUTOS</key>
				<string>YES_AGGRESSIVE</string>
				<key>GCC_WARN_UNUSED_FUNCTION</key>
				<string>YES</string>
				<key>GCC_WARN_UNUSED_VARIABLE</key>
				<string>YES</string>
				<key>IPHONEOS_DEPLOYMENT_TARGET</key>
				<string>12.0</string>
				<key>MTL_ENABLE_DEBUG_INFO</key>
				<string>INCLUDE_SOURCE</string>
				<key>MTL_FAST_MATH</key>
				<string>YES</string>
				<key>ONLY_ACTIVE_ARCH</key>
				<string>YES</string>
				<key>SDKROOT</key>
				<string>iphoneos</string>
				<key>SWIFT_ACTIVE_COMPILATION_CONDITIONS</key>
				<string>DEBUG</string>
				<key>SWIFT_OPTIMIZATION_LEVEL</key>
				<string>-Onone</string>
			</dict>
			<key>isa</key>
			<string>XCBuildConfiguration</string>
			<key>name</key>
			<string>Debug</string>
		</dict>
		<key>8558968624CAB6A200D2CB7B</key>
		<dict>
			<key>buildSettings</key>
			<dict>
				<key>ALWAYS_SEARCH_USER_PATHS</key>
				<string>NO</string>
				<key>CLANG_ANALYZER_NONNULL</key>
				<string>YES</string>
				<key>CLANG_ANALYZER_NUMBER_OBJECT_CONVERSION</key>
				<string>YES_AGGRESSIVE</string>
				<key>CLANG_CXX_LANGUAGE_STANDARD</key>
				<string>gnu++14</string>
				<key>CLANG_CXX_LIBRARY</key>
				<string>libc++</string>
				<key>CLANG_ENABLE_MODULES</key>
				<string>YES</string>
				<key>CLANG_ENABLE_OBJC_ARC</key>
				<string>YES</string>
				<key>CLANG_ENABLE_OBJC_WEAK</key>
				<string>YES</string>
				<key>CLANG_WARN_BLOCK_CAPTURE_AUTORELEASING</key>
				<string>YES</string>
				<key>CLANG_WARN_BOOL_CONVERSION</key>
				<string>YES</string>
				<key>CLANG_WARN_COMMA</key>
				<string>YES</string>
				<key>CLANG_WARN_CONSTANT_CONVERSION</key>
				<string>YES</string>
				<key>CLANG_WARN_DEPRECATED_OBJC_IMPLEMENTATIONS</key>
				<string>YES</string>
				<key>CLANG_WARN_DIRECT_OBJC_ISA_USAGE</key>
				<string>YES_ERROR</string>
				<key>CLANG_WARN_DOCUMENTATION_COMMENTS</key>
				<string>YES</string>
				<key>CLANG_WARN_EMPTY_BODY</key>
				<string>YES</string>
				<key>CLANG_WARN_ENUM_CONVERSION</key>
				<string>YES</string>
				<key>CLANG_WARN_INFINITE_RECURSION</key>
				<string>YES</string>
				<key>CLANG_WARN_INT_CONVERSION</key>
				<string>YES</string>
				<key>CLANG_WARN_NON_LITERAL_NULL_CONVERSION</key>
				<string>YES</string>
				<key>CLANG_WARN_OBJC_IMPLICIT_RETAIN_SELF</key>
				<string>YES</string>
				<key>CLANG_WARN_OBJC_LITERAL_CONVERSION</key>
				<string>YES</string>
				<key>CLANG_WARN_OBJC_ROOT_CLASS</key>
				<string>YES_ERROR</string>
				<key>CLANG_WARN_RANGE_LOOP_ANALYSIS</key>
				<string>YES</string>
				<key>CLANG_WARN_STRICT_PROTOTYPES</key>
				<string>YES</string>
				<key>CLANG_WARN_SUSPICIOUS_MOVE</key>
				<string>YES</string>
				<key>CLANG_WARN_UNGUARDED_AVAILABILITY</key>
				<string>YES_AGGRESSIVE</string>
				<key>CLANG_WARN_UNREACHABLE_CODE</key>
				<string>YES</string>
				<key>CLANG_WARN__DUPLICATE_METHOD_MATCH</key>
				<string>YES</string>
				<key>COPY_PHASE_STRIP</key>
				<string>NO</string>
				<key>DEBUG_INFORMATION_FORMAT</key>
				<string>dwarf-with-dsym</string>
				<key>ENABLE_NS_ASSERTIONS</key>
				<string>NO</string>
				<key>ENABLE_STRICT_OBJC_MSGSEND</key>
				<string>YES</string>
				<key>GCC_C_LANGUAGE_STANDARD</key>
				<string>gnu11</string>
				<key>GCC_NO_COMMON_BLOCKS</key>
				<string>YES</string>
				<key>GCC_WARN_64_TO_32_BIT_CONVERSION</key>
				<string>YES</string>
				<key>GCC_WARN_ABOUT_RETURN_TYPE</key>
				<string>YES_ERROR</string>
				<key>GCC_WARN_UNDECLARED_SELECTOR</key>
				<string>YES</string>
				<key>GCC_WARN_UNINITIALIZED_AUTOS</key>
				<string>YES_AGGRESSIVE</string>
				<key>GCC_WARN_UNUSED_FUNCTION</key>
				<string>YES</string>
				<key>GCC_WARN_UNUSED_VARIABLE</key>
				<string>YES</string>
				<key>IPHONEOS_DEPLOYMENT_TARGET</key>
				<string>12.0</string>
				<key>MTL_ENABLE_DEBUG_INFO</key>
				<string>NO</string>
				<key>MTL_FAST_MATH</key>
				<string>YES</string>
				<key>SDKROOT</key>
				<string>iphoneos</string>
				<key>SWIFT_COMPILATION_MODE</key>
				<string>wholemodule</string>
				<key>SWIFT_OPTIMIZATION_LEVEL</key>
				<string>-O</string>
				<key>VALIDATE_PRODUCT</key>
				<string>YES</string>
			</dict>
			<key>isa</key>
			<string>XCBuildConfiguration</string>
			<key>name</key>
			<string>Release</string>
		</dict>
		<key>8558968A24CAB6A900D2CB7B</key>
		<dict>
			<key>children</key>
			<array>
				<string>8558968124CAB6A200D2CB7B</string>
				<string>8558967F24CAB6A200D2CB7B</string>
			</array>
			<key>isa</key>
			<string>PBXGroup</string>
			<key>path</key>
			<string>Resources</string>
			<key>sourceTree</key>
			<string>&lt;group&gt;</string>
		</dict>
		<key>8558968B24CABB1A00D2CB7B</key>
		<dict>
			<key>isa</key>
			<string>PBXFileReference</string>
			<key>lastKnownFileType</key>
			<string>sourcecode.swift</string>
			<key>path</key>
			<string>HomeTableViewController.swift</string>
			<key>sourceTree</key>
			<string>&lt;group&gt;</string>
		</dict>
		<key>8558968D24CABB2000D2CB7B</key>
		<dict>
			<key>children</key>
			<array>
				<string>8558968B24CABB1A00D2CB7B</string>
			</array>
			<key>isa</key>
			<string>PBXGroup</string>
			<key>path</key>
			<string>ViewController</string>
			<key>sourceTree</key>
			<string>&lt;group&gt;</string>
		</dict>
		<key>855896A224CAC72000D2CB7B</key>
		<dict>
			<key>isa</key>
			<string>PBXFileReference</string>
			<key>lastKnownFileType</key>
			<string>wrapper.framework</string>
			<key>name</key>
			<string>UserNotifications.framework</string>
			<key>path</key>
			<string>System/Library/Frameworks/UserNotifications.framework</string>
			<key>sourceTree</key>
			<string>SDKROOT</string>
		</dict>
		<key>855896A424CAC72000D2CB7B</key>
		<dict>
			<key>isa</key>
			<string>PBXFileReference</string>
			<key>lastKnownFileType</key>
			<string>wrapper.framework</string>
			<key>name</key>
			<string>UserNotificationsUI.framework</string>
			<key>path</key>
			<string>System/Library/Frameworks/UserNotificationsUI.framework</string>
			<key>sourceTree</key>
			<string>SDKROOT</string>
		</dict>
		<key>8E17F7399BC91A63E0876306</key>
		<dict>
			<key>explicitFileType</key>
			<string>wrapper.framework</string>
			<key>includeInIndex</key>
			<string>0</string>
			<key>isa</key>
			<string>PBXFileReference</string>
			<key>path</key>
			<string>Pods_MinistopSample.framework</string>
			<key>sourceTree</key>
			<string>BUILT_PRODUCTS_DIR</string>
		</dict>
		<key>B5034EA625F22E5F004BA5F4</key>
		<dict>
			<key>fileEncoding</key>
			<string>4</string>
			<key>isa</key>
			<string>PBXFileReference</string>
			<key>lastKnownFileType</key>
			<string>text.plist.entitlements</string>
			<key>path</key>
			<string>MinistopSample.entitlements</string>
			<key>sourceTree</key>
			<string>SOURCE_ROOT</string>
		</dict>
		<key>B519D9A725F5CEA5009E5A85</key>
		<dict>
			<key>buildActionMask</key>
			<string>2147483647</string>
			<key>files</key>
			<array>
				<string>B519D9B125F5CEA5009E5A85</string>
				<string>E9FDCCB10997E98B7E68DA8D</string>
			</array>
			<key>isa</key>
			<string>PBXSourcesBuildPhase</string>
			<key>runOnlyForDeploymentPostprocessing</key>
			<string>0</string>
		</dict>
		<key>B519D9A825F5CEA5009E5A85</key>
		<dict>
			<key>buildActionMask</key>
			<string>2147483647</string>
			<key>files</key>
			<array>
				<string>B519D9AD25F5CEA5009E5A85</string>
				<string>84C10A2F2D193FB40077EF87</string>
				<string>B519D9AC25F5CEA5009E5A85</string>
			</array>
			<key>isa</key>
			<string>PBXFrameworksBuildPhase</string>
			<key>runOnlyForDeploymentPostprocessing</key>
			<string>0</string>
		</dict>
		<key>B519D9A925F5CEA5009E5A85</key>
		<dict>
			<key>buildActionMask</key>
			<string>2147483647</string>
			<key>files</key>
			<array/>
			<key>isa</key>
			<string>PBXResourcesBuildPhase</string>
			<key>runOnlyForDeploymentPostprocessing</key>
			<string>0</string>
		</dict>
		<key>B519D9AA25F5CEA5009E5A85</key>
		<dict>
			<key>buildConfigurationList</key>
			<string>B519D9B925F5CEA5009E5A85</string>
			<key>buildPhases</key>
			<array>
				<string>B519D9A725F5CEA5009E5A85</string>
				<string>B519D9A825F5CEA5009E5A85</string>
				<string>B519D9A925F5CEA5009E5A85</string>
			</array>
			<key>buildRules</key>
			<array/>
			<key>dependencies</key>
			<array/>
			<key>isa</key>
			<string>PBXNativeTarget</string>
			<key>name</key>
			<string>ImageOfferType</string>
			<key>productName</key>
			<string>ImageOfferType</string>
			<key>productReference</key>
			<string>B519D9AB25F5CEA5009E5A85</string>
			<key>productType</key>
			<string>com.apple.product-type.app-extension</string>
		</dict>
		<key>B519D9AB25F5CEA5009E5A85</key>
		<dict>
			<key>explicitFileType</key>
			<string>wrapper.app-extension</string>
			<key>includeInIndex</key>
			<string>0</string>
			<key>isa</key>
			<string>PBXFileReference</string>
			<key>path</key>
			<string>ImageOfferType.appex</string>
			<key>sourceTree</key>
			<string>BUILT_PRODUCTS_DIR</string>
		</dict>
		<key>B519D9AC25F5CEA5009E5A85</key>
		<dict>
			<key>fileRef</key>
			<string>855896A224CAC72000D2CB7B</string>
			<key>isa</key>
			<string>PBXBuildFile</string>
		</dict>
		<key>B519D9AD25F5CEA5009E5A85</key>
		<dict>
			<key>fileRef</key>
			<string>855896A424CAC72000D2CB7B</string>
			<key>isa</key>
			<string>PBXBuildFile</string>
		</dict>
		<key>B519D9AE25F5CEA5009E5A85</key>
		<dict>
			<key>children</key>
			<array>
				<string>B519D9AF25F5CEA5009E5A85</string>
				<string>B519D9B025F5CEA5009E5A85</string>
				<string>B519D9B525F5CEA5009E5A85</string>
			</array>
			<key>isa</key>
			<string>PBXGroup</string>
			<key>path</key>
			<string>ImageOfferType</string>
			<key>sourceTree</key>
			<string>&lt;group&gt;</string>
		</dict>
		<key>B519D9AF25F5CEA5009E5A85</key>
		<dict>
			<key>isa</key>
			<string>PBXFileReference</string>
			<key>lastKnownFileType</key>
			<string>sourcecode.c.h</string>
			<key>path</key>
			<string>NotificationViewController.h</string>
			<key>sourceTree</key>
			<string>&lt;group&gt;</string>
		</dict>
		<key>B519D9B025F5CEA5009E5A85</key>
		<dict>
			<key>isa</key>
			<string>PBXFileReference</string>
			<key>lastKnownFileType</key>
			<string>sourcecode.c.objc</string>
			<key>path</key>
			<string>NotificationViewController.m</string>
			<key>sourceTree</key>
			<string>&lt;group&gt;</string>
		</dict>
		<key>B519D9B125F5CEA5009E5A85</key>
		<dict>
			<key>fileRef</key>
			<string>B519D9B025F5CEA5009E5A85</string>
			<key>isa</key>
			<string>PBXBuildFile</string>
		</dict>
		<key>B519D9B525F5CEA5009E5A85</key>
		<dict>
			<key>isa</key>
			<string>PBXFileReference</string>
			<key>lastKnownFileType</key>
			<string>text.plist.xml</string>
			<key>path</key>
			<string>Info.plist</string>
			<key>sourceTree</key>
			<string>&lt;group&gt;</string>
		</dict>
		<key>B519D9B625F5CEA5009E5A85</key>
		<dict>
			<key>containerPortal</key>
			<string>8558966B24CAB69E00D2CB7B</string>
			<key>isa</key>
			<string>PBXContainerItemProxy</string>
			<key>proxyType</key>
			<string>1</string>
			<key>remoteGlobalIDString</key>
			<string>B519D9AA25F5CEA5009E5A85</string>
			<key>remoteInfo</key>
			<string>ImageOfferType</string>
		</dict>
		<key>B519D9B725F5CEA5009E5A85</key>
		<dict>
			<key>isa</key>
			<string>PBXTargetDependency</string>
			<key>target</key>
			<string>B519D9AA25F5CEA5009E5A85</string>
			<key>targetProxy</key>
			<string>B519D9B625F5CEA5009E5A85</string>
		</dict>
		<key>B519D9B825F5CEA5009E5A85</key>
		<dict>
			<key>fileRef</key>
			<string>B519D9AB25F5CEA5009E5A85</string>
			<key>isa</key>
			<string>PBXBuildFile</string>
			<key>settings</key>
			<dict>
				<key>ATTRIBUTES</key>
				<array>
					<string>RemoveHeadersOnCopy</string>
				</array>
			</dict>
		</dict>
		<key>B519D9B925F5CEA5009E5A85</key>
		<dict>
			<key>buildConfigurations</key>
			<array>
				<string>B519D9BA25F5CEA5009E5A85</string>
				<string>B519D9BB25F5CEA5009E5A85</string>
			</array>
			<key>defaultConfigurationIsVisible</key>
			<string>0</string>
			<key>defaultConfigurationName</key>
			<string>Release</string>
			<key>isa</key>
			<string>XCConfigurationList</string>
		</dict>
		<key>B519D9BA25F5CEA5009E5A85</key>
		<dict>
			<key>buildSettings</key>
			<dict>
				<key>CLANG_WARN_QUOTED_INCLUDE_IN_FRAMEWORK_HEADER</key>
				<string>YES</string>
				<key>CODE_SIGN_IDENTITY</key>
				<string>Apple Development</string>
				<key>CODE_SIGN_STYLE</key>
				<string>Automatic</string>
				<key>CURRENT_PROJECT_VERSION</key>
				<string>2</string>
				<key>DEVELOPMENT_TEAM</key>
				<string>9FW38TH6FA</string>
				<key>FRAMEWORK_SEARCH_PATHS</key>
				<array>
					<string>$(inherited)</string>
					<string>$(PROJECT_DIR)/MinistopSdkSample/Resources</string>
					<string>$(PROJECT_DIR)</string>
				</array>
				<key>INFOPLIST_FILE</key>
				<string>ImageOfferType/Info.plist</string>
				<key>IPHONEOS_DEPLOYMENT_TARGET</key>
				<string>12.0</string>
				<key>LD_RUNPATH_SEARCH_PATHS</key>
				<array>
					<string>$(inherited)</string>
					<string>@executable_path/Frameworks</string>
					<string>@executable_path/../../Frameworks</string>
				</array>
				<key>PRODUCT_BUNDLE_IDENTIFIER</key>
				<string>com.switch-smile.pinable-demo4CUST.ImageOfferType</string>
				<key>PRODUCT_NAME</key>
				<string>$(TARGET_NAME)</string>
				<key>SKIP_INSTALL</key>
				<string>YES</string>
				<key>SWIFT_VERSION</key>
				<string>5.0</string>
				<key>TARGETED_DEVICE_FAMILY</key>
				<string>1,2</string>
			</dict>
			<key>isa</key>
			<string>XCBuildConfiguration</string>
			<key>name</key>
			<string>Debug</string>
		</dict>
		<key>B519D9BB25F5CEA5009E5A85</key>
		<dict>
			<key>buildSettings</key>
			<dict>
				<key>CLANG_WARN_QUOTED_INCLUDE_IN_FRAMEWORK_HEADER</key>
				<string>YES</string>
				<key>CODE_SIGN_IDENTITY</key>
				<string>Apple Development</string>
				<key>CODE_SIGN_STYLE</key>
				<string>Automatic</string>
				<key>CURRENT_PROJECT_VERSION</key>
				<string>2</string>
				<key>DEVELOPMENT_TEAM</key>
				<string>9FW38TH6FA</string>
				<key>FRAMEWORK_SEARCH_PATHS</key>
				<array>
					<string>$(inherited)</string>
					<string>$(PROJECT_DIR)/MinistopSdkSample/Resources</string>
					<string>$(PROJECT_DIR)</string>
				</array>
				<key>INFOPLIST_FILE</key>
				<string>ImageOfferType/Info.plist</string>
				<key>IPHONEOS_DEPLOYMENT_TARGET</key>
				<string>12.0</string>
				<key>LD_RUNPATH_SEARCH_PATHS</key>
				<array>
					<string>$(inherited)</string>
					<string>@executable_path/Frameworks</string>
					<string>@executable_path/../../Frameworks</string>
				</array>
				<key>PRODUCT_BUNDLE_IDENTIFIER</key>
				<string>com.switch-smile.pinable-demo4CUST.ImageOfferType</string>
				<key>PRODUCT_NAME</key>
				<string>$(TARGET_NAME)</string>
				<key>PROVISIONING_PROFILE_SPECIFIER</key>
				<string></string>
				<key>SKIP_INSTALL</key>
				<string>YES</string>
				<key>SWIFT_VERSION</key>
				<string>5.0</string>
				<key>TARGETED_DEVICE_FAMILY</key>
				<string>1,2</string>
			</dict>
			<key>isa</key>
			<string>XCBuildConfiguration</string>
			<key>name</key>
			<string>Release</string>
		</dict>
		<key>B519D9C825F5CFAB009E5A85</key>
		<dict>
			<key>buildActionMask</key>
			<string>2147483647</string>
			<key>files</key>
			<array>
				<string>B519D9E425F5CFDB009E5A85</string>
				<string>E9FDCCB10997E98B7E68DA8D</string>
			</array>
			<key>isa</key>
			<string>PBXSourcesBuildPhase</string>
			<key>runOnlyForDeploymentPostprocessing</key>
			<string>0</string>
		</dict>
		<key>B519D9C925F5CFAB009E5A85</key>
		<dict>
			<key>buildActionMask</key>
			<string>2147483647</string>
			<key>files</key>
			<array>
				<string>B519D9CE25F5CFAB009E5A85</string>
				<string>84C10A302D193FB40077EF87</string>
				<string>B519D9CD25F5CFAB009E5A85</string>
			</array>
			<key>isa</key>
			<string>PBXFrameworksBuildPhase</string>
			<key>runOnlyForDeploymentPostprocessing</key>
			<string>0</string>
		</dict>
		<key>B519D9CA25F5CFAB009E5A85</key>
		<dict>
			<key>buildActionMask</key>
			<string>2147483647</string>
			<key>files</key>
			<array/>
			<key>isa</key>
			<string>PBXResourcesBuildPhase</string>
			<key>runOnlyForDeploymentPostprocessing</key>
			<string>0</string>
		</dict>
		<key>B519D9CB25F5CFAB009E5A85</key>
		<dict>
			<key>buildConfigurationList</key>
			<string>B519D9DA25F5CFAB009E5A85</string>
			<key>buildPhases</key>
			<array>
				<string>B519D9C825F5CFAB009E5A85</string>
				<string>B519D9C925F5CFAB009E5A85</string>
				<string>B519D9CA25F5CFAB009E5A85</string>
			</array>
			<key>buildRules</key>
			<array/>
			<key>dependencies</key>
			<array/>
			<key>isa</key>
			<string>PBXNativeTarget</string>
			<key>name</key>
			<string>VideoOfferType</string>
			<key>productName</key>
			<string>VideoOfferType</string>
			<key>productReference</key>
			<string>B519D9CC25F5CFAB009E5A85</string>
			<key>productType</key>
			<string>com.apple.product-type.app-extension</string>
		</dict>
		<key>B519D9CC25F5CFAB009E5A85</key>
		<dict>
			<key>explicitFileType</key>
			<string>wrapper.app-extension</string>
			<key>includeInIndex</key>
			<string>0</string>
			<key>isa</key>
			<string>PBXFileReference</string>
			<key>path</key>
			<string>VideoOfferType.appex</string>
			<key>sourceTree</key>
			<string>BUILT_PRODUCTS_DIR</string>
		</dict>
		<key>B519D9CD25F5CFAB009E5A85</key>
		<dict>
			<key>fileRef</key>
			<string>855896A224CAC72000D2CB7B</string>
			<key>isa</key>
			<string>PBXBuildFile</string>
		</dict>
		<key>B519D9CE25F5CFAB009E5A85</key>
		<dict>
			<key>fileRef</key>
			<string>855896A424CAC72000D2CB7B</string>
			<key>isa</key>
			<string>PBXBuildFile</string>
		</dict>
		<key>B519D9CF25F5CFAB009E5A85</key>
		<dict>
			<key>children</key>
			<array>
				<string>B519D9E325F5CFDB009E5A85</string>
				<string>B519D9E125F5CFDB009E5A85</string>
				<string>B519D9E225F5CFDB009E5A85</string>
			</array>
			<key>isa</key>
			<string>PBXGroup</string>
			<key>path</key>
			<string>VideoOfferType</string>
			<key>sourceTree</key>
			<string>&lt;group&gt;</string>
		</dict>
		<key>B519D9D725F5CFAB009E5A85</key>
		<dict>
			<key>containerPortal</key>
			<string>8558966B24CAB69E00D2CB7B</string>
			<key>isa</key>
			<string>PBXContainerItemProxy</string>
			<key>proxyType</key>
			<string>1</string>
			<key>remoteGlobalIDString</key>
			<string>B519D9CB25F5CFAB009E5A85</string>
			<key>remoteInfo</key>
			<string>VideoOfferType</string>
		</dict>
		<key>B519D9D825F5CFAB009E5A85</key>
		<dict>
			<key>isa</key>
			<string>PBXTargetDependency</string>
			<key>target</key>
			<string>B519D9CB25F5CFAB009E5A85</string>
			<key>targetProxy</key>
			<string>B519D9D725F5CFAB009E5A85</string>
		</dict>
		<key>B519D9D925F5CFAB009E5A85</key>
		<dict>
			<key>fileRef</key>
			<string>B519D9CC25F5CFAB009E5A85</string>
			<key>isa</key>
			<string>PBXBuildFile</string>
			<key>settings</key>
			<dict>
				<key>ATTRIBUTES</key>
				<array>
					<string>RemoveHeadersOnCopy</string>
				</array>
			</dict>
		</dict>
		<key>B519D9DA25F5CFAB009E5A85</key>
		<dict>
			<key>buildConfigurations</key>
			<array>
				<string>B519D9DB25F5CFAB009E5A85</string>
				<string>B519D9DC25F5CFAB009E5A85</string>
			</array>
			<key>defaultConfigurationIsVisible</key>
			<string>0</string>
			<key>defaultConfigurationName</key>
			<string>Release</string>
			<key>isa</key>
			<string>XCConfigurationList</string>
		</dict>
		<key>B519D9DB25F5CFAB009E5A85</key>
		<dict>
			<key>buildSettings</key>
			<dict>
				<key>CLANG_WARN_QUOTED_INCLUDE_IN_FRAMEWORK_HEADER</key>
				<string>YES</string>
				<key>CODE_SIGN_IDENTITY</key>
				<string>Apple Development</string>
				<key>CODE_SIGN_STYLE</key>
				<string>Automatic</string>
				<key>CURRENT_PROJECT_VERSION</key>
				<string>2</string>
				<key>DEVELOPMENT_TEAM</key>
				<string>9FW38TH6FA</string>
				<key>FRAMEWORK_SEARCH_PATHS</key>
				<array>
					<string>$(inherited)</string>
					<string>$(PROJECT_DIR)/MinistopSdkSample/Resources</string>
					<string>$(PROJECT_DIR)</string>
				</array>
				<key>INFOPLIST_FILE</key>
				<string>VideoOfferType/Info.plist</string>
				<key>IPHONEOS_DEPLOYMENT_TARGET</key>
				<string>12.0</string>
				<key>LD_RUNPATH_SEARCH_PATHS</key>
				<array>
					<string>$(inherited)</string>
					<string>@executable_path/Frameworks</string>
					<string>@executable_path/../../Frameworks</string>
				</array>
				<key>PRODUCT_BUNDLE_IDENTIFIER</key>
				<string>com.switch-smile.pinable-demo4CUST.VideoOfferType</string>
				<key>PRODUCT_NAME</key>
				<string>$(TARGET_NAME)</string>
				<key>SKIP_INSTALL</key>
				<string>YES</string>
				<key>SWIFT_VERSION</key>
				<string>5.0</string>
				<key>TARGETED_DEVICE_FAMILY</key>
				<string>1,2</string>
			</dict>
			<key>isa</key>
			<string>XCBuildConfiguration</string>
			<key>name</key>
			<string>Debug</string>
		</dict>
		<key>B519D9DC25F5CFAB009E5A85</key>
		<dict>
			<key>buildSettings</key>
			<dict>
				<key>CLANG_WARN_QUOTED_INCLUDE_IN_FRAMEWORK_HEADER</key>
				<string>YES</string>
				<key>CODE_SIGN_IDENTITY</key>
				<string>Apple Development</string>
				<key>CODE_SIGN_STYLE</key>
				<string>Automatic</string>
				<key>CURRENT_PROJECT_VERSION</key>
				<string>2</string>
				<key>DEVELOPMENT_TEAM</key>
				<string>9FW38TH6FA</string>
				<key>FRAMEWORK_SEARCH_PATHS</key>
				<array>
					<string>$(inherited)</string>
					<string>$(PROJECT_DIR)/MinistopSdkSample/Resources</string>
					<string>$(PROJECT_DIR)</string>
				</array>
				<key>INFOPLIST_FILE</key>
				<string>VideoOfferType/Info.plist</string>
				<key>IPHONEOS_DEPLOYMENT_TARGET</key>
				<string>12.0</string>
				<key>LD_RUNPATH_SEARCH_PATHS</key>
				<array>
					<string>$(inherited)</string>
					<string>@executable_path/Frameworks</string>
					<string>@executable_path/../../Frameworks</string>
				</array>
				<key>PRODUCT_BUNDLE_IDENTIFIER</key>
				<string>com.switch-smile.pinable-demo4CUST.VideoOfferType</string>
				<key>PRODUCT_NAME</key>
				<string>$(TARGET_NAME)</string>
				<key>PROVISIONING_PROFILE_SPECIFIER</key>
				<string></string>
				<key>SKIP_INSTALL</key>
				<string>YES</string>
				<key>SWIFT_VERSION</key>
				<string>5.0</string>
				<key>TARGETED_DEVICE_FAMILY</key>
				<string>1,2</string>
			</dict>
			<key>isa</key>
			<string>XCBuildConfiguration</string>
			<key>name</key>
			<string>Release</string>
		</dict>
		<key>B519D9E125F5CFDB009E5A85</key>
		<dict>
			<key>fileEncoding</key>
			<string>4</string>
			<key>isa</key>
			<string>PBXFileReference</string>
			<key>lastKnownFileType</key>
			<string>sourcecode.c.h</string>
			<key>path</key>
			<string>NotificationViewController.h</string>
			<key>sourceTree</key>
			<string>&lt;group&gt;</string>
		</dict>
		<key>B519D9E225F5CFDB009E5A85</key>
		<dict>
			<key>fileEncoding</key>
			<string>4</string>
			<key>isa</key>
			<string>PBXFileReference</string>
			<key>lastKnownFileType</key>
			<string>sourcecode.c.objc</string>
			<key>path</key>
			<string>NotificationViewController.m</string>
			<key>sourceTree</key>
			<string>&lt;group&gt;</string>
		</dict>
		<key>B519D9E325F5CFDB009E5A85</key>
		<dict>
			<key>fileEncoding</key>
			<string>4</string>
			<key>isa</key>
			<string>PBXFileReference</string>
			<key>lastKnownFileType</key>
			<string>text.plist.xml</string>
			<key>path</key>
			<string>Info.plist</string>
			<key>sourceTree</key>
			<string>&lt;group&gt;</string>
		</dict>
		<key>B519D9E425F5CFDB009E5A85</key>
		<dict>
			<key>fileRef</key>
			<string>B519D9E225F5CFDB009E5A85</string>
			<key>isa</key>
			<string>PBXBuildFile</string>
		</dict>
		<key>B5BACD2625DF583A00109CC2</key>
		<dict>
			<key>isa</key>
			<string>PBXFileReference</string>
			<key>lastKnownFileType</key>
			<string>text.plist</string>
			<key>path</key>
			<string>MinistopSample.plist</string>
			<key>sourceTree</key>
			<string>SOURCE_ROOT</string>
		</dict>
		<key>E41C78D48FF0295BEA2F0984</key>
		<dict>
			<key>children</key>
			<array>
				<string>5D78DB2C54E92E17EB81252C</string>
				<string>EF784657CF0A0FF8CA49B292</string>
			</array>
			<key>isa</key>
			<string>PBXGroup</string>
			<key>path</key>
			<string>Pods</string>
			<key>sourceTree</key>
			<string>&lt;group&gt;</string>
		</dict>
		<key>E9FDCCB10997E98B7E68DA8D</key>
		<dict>
			<key>fileRef</key>
			<string>2F98410599F8C4AF82470FE5</string>
			<key>isa</key>
			<string>PBXBuildFile</string>
		</dict>
		<key>EF784657CF0A0FF8CA49B292</key>
		<dict>
			<key>includeInIndex</key>
			<string>1</string>
			<key>isa</key>
			<string>PBXFileReference</string>
			<key>lastKnownFileType</key>
			<string>text.xcconfig</string>
			<key>name</key>
			<string>Pods-MinistopSample.release.xcconfig</string>
			<key>path</key>
			<string>Target Support Files/Pods-MinistopSample/Pods-MinistopSample.release.xcconfig</string>
			<key>sourceTree</key>
			<string>&lt;group&gt;</string>
		</dict>
		<key>FC573A12609E67A4D1ED2F84</key>
		<dict>
			<key>buildActionMask</key>
			<string>2147483647</string>
			<key>files</key>
			<array/>
			<key>inputFileListPaths</key>
			<array/>
			<key>inputPaths</key>
			<array>
				<string>${PODS_PODFILE_DIR_PATH}/Podfile.lock</string>
				<string>${PODS_ROOT}/Manifest.lock</string>
			</array>
			<key>isa</key>
			<string>PBXShellScriptBuildPhase</string>
			<key>name</key>
			<string>[CP] Check Pods Manifest.lock</string>
			<key>outputFileListPaths</key>
			<array/>
			<key>outputPaths</key>
			<array>
				<string>$(DERIVED_FILE_DIR)/Pods-MinistopSample-checkManifestLockResult.txt</string>
			</array>
			<key>runOnlyForDeploymentPostprocessing</key>
			<string>0</string>
			<key>shellPath</key>
			<string>/bin/sh</string>
			<key>shellScript</key>
			<string>diff "${PODS_PODFILE_DIR_PATH}/Podfile.lock" "${PODS_ROOT}/Manifest.lock" &gt; /dev/null
if [ $? != 0 ] ; then
    # print error to STDERR
    echo "error: The sandbox is not in sync with the Podfile.lock. Run 'pod install' or update your CocoaPods installation." &gt;&amp;2
    exit 1
fi
# This output is used by Xcode 'outputs' to avoid re-running this script phase.
echo "SUCCESS" &gt; "${SCRIPT_OUTPUT_FILE_0}"
</string>
			<key>showEnvVarsInLog</key>
			<string>0</string>
		</dict>
	</dict>
	<key>rootObject</key>
	<string>8558966B24CAB69E00D2CB7B</string>
</dict>
</plist>
